
Microsoft Visual Studio Solution File, Format Version 12.00
# Visual Studio 15
VisualStudioVersion = 15.0.27130.2010
MinimumVisualStudioVersion = 10.0.40219.1
Project("{FAE04EC0-301F-11D3-BF4B-00C04F79EFBC}") = "dotnet-core-react-starter", "dotnet-core-react-starter\dotnet-core-react-starter.csproj", "{C013349B-8469-4649-A8D2-412910F1E46E}"
EndProject
Global
	GlobalSection(SolutionConfigurationPlatforms) = preSolution
		Debug|Any CPU = Debug|Any CPU
		Release|Any CPU = Release|Any CPU
	EndGlobalSection
	GlobalSection(ProjectConfigurationPlatforms) = postSolution
		{C013349B-8469-4649-A8D2-412910F1E46E}.Debug|Any CPU.ActiveCfg = Debug|Any CPU
		{C013349B-8469-4649-A8D2-412910F1E46E}.Debug|Any CPU.Build.0 = Debug|Any CPU
		{C013349B-8469-4649-A8D2-412910F1E46E}.Release|Any CPU.ActiveCfg = Release|Any CPU
		{C013349B-8469-4649-A8D2-412910F1E46E}.Release|Any CPU.Build.0 = Release|Any CPU
	EndGlobalSection
	GlobalSection(SolutionProperties) = preSolution
		HideSolutionNode = FALSE
	EndGlobalSection
	GlobalSection(ExtensibilityGlobals) = postSolution
		SolutionGuid = {0D81A920-4BBE-43DC-B548-671C739496C1}
	EndGlobalSection
EndGlobal
